
Microsoft Visual Studio Solution File, Format Version 12.00
# Visual Studio 2012
Project("{FAE04EC0-301F-11D3-BF4B-00C04F79EFBC}") = "JarrodA.Log4Net", "JarrodA.Log4Net.csproj", "{272738B8-972F-43A9-BABC-4915004D24B1}"
EndProject
Project("{FAE04EC0-301F-11D3-BF4B-00C04F79EFBC}") = "ConsoleApplication1", "..\ConsoleApplication1\ConsoleApplication1.csproj", "{DF0EDA53-86FC-4DCC-9444-CA5C182959CD}"
EndProject
Global
	GlobalSection(SolutionConfigurationPlatforms) = preSolution
		Debug|Any CPU = Debug|Any CPU
		Release|Any CPU = Release|Any CPU
	EndGlobalSection
	GlobalSection(ProjectConfigurationPlatforms) = postSolution
		{272738B8-972F-43A9-BABC-4915004D24B1}.Debug|Any CPU.ActiveCfg = Debug|Any CPU
		{272738B8-972F-43A9-BABC-4915004D24B1}.Debug|Any CPU.Build.0 = Debug|Any CPU
		{272738B8-972F-43A9-BABC-4915004D24B1}.Release|Any CPU.ActiveCfg = Release|Any CPU
		{272738B8-972F-43A9-BABC-4915004D24B1}.Release|Any CPU.Build.0 = Release|Any CPU
		{DF0EDA53-86FC-4DCC-9444-CA5C182959CD}.Debug|Any CPU.ActiveCfg = Debug|Any CPU
		{DF0EDA53-86FC-4DCC-9444-CA5C182959CD}.Debug|Any CPU.Build.0 = Debug|Any CPU
		{DF0EDA53-86FC-4DCC-9444-CA5C182959CD}.Release|Any CPU.ActiveCfg = Release|Any CPU
		{DF0EDA53-86FC-4DCC-9444-CA5C182959CD}.Release|Any CPU.Build.0 = Release|Any CPU
	EndGlobalSection
	GlobalSection(SolutionProperties) = preSolution
		HideSolutionNode = FALSE
	EndGlobalSection
EndGlobal
